// !$*UTF8*$!
{
	archiveVersion = 1;
	classes = {
	};
	objectVersion = 50;
	objects = {

/* Begin PBXBuildFile section */
		65215ED82442692B008B4D5A /* NytCell.swift in Sources */ = {isa = PBXBuildFile; fileRef = 65215ED72442692B008B4D5A /* NytCell.swift */; };
		65215EDB24427669008B4D5A /* BbcCell.swift in Sources */ = {isa = PBXBuildFile; fileRef = 65215EDA24427669008B4D5A /* BbcCell.swift */; };
		65215EDD2442A85A008B4D5A /* RedditCell.swift in Sources */ = {isa = PBXBuildFile; fileRef = 65215EDC2442A85A008B4D5A /* RedditCell.swift */; };
		65215EDF24438F08008B4D5A /* ImageDownloader.swift in Sources */ = {isa = PBXBuildFile; fileRef = 65215EDE24438F08008B4D5A /* ImageDownloader.swift */; };
		65215EE124439742008B4D5A /* Extension.swift in Sources */ = {isa = PBXBuildFile; fileRef = 65215EE024439742008B4D5A /* Extension.swift */; };
		65293A45244172F2002E5BC3 /* NewsViewController.swift in Sources */ = {isa = PBXBuildFile; fileRef = 65293A44244172F2002E5BC3 /* NewsViewController.swift */; };
		65293A4724417367002E5BC3 /* TwitterCell.swift in Sources */ = {isa = PBXBuildFile; fileRef = 65293A4624417367002E5BC3 /* TwitterCell.swift */; };
		65293A4924417741002E5BC3 /* FacebookCell.swift in Sources */ = {isa = PBXBuildFile; fileRef = 65293A4824417741002E5BC3 /* FacebookCell.swift */; };
		6560AE5124411C4A00581008 /* AppDelegate.swift in Sources */ = {isa = PBXBuildFile; fileRef = 6560AE5024411C4A00581008 /* AppDelegate.swift */; };
		6560AE5324411C4A00581008 /* SceneDelegate.swift in Sources */ = {isa = PBXBuildFile; fileRef = 6560AE5224411C4A00581008 /* SceneDelegate.swift */; };
		6560AE5A24411C4C00581008 /* Assets.xcassets in Resources */ = {isa = PBXBuildFile; fileRef = 6560AE5924411C4C00581008 /* Assets.xcassets */; };
		6560AE5D24411C4C00581008 /* LaunchScreen.storyboard in Resources */ = {isa = PBXBuildFile; fileRef = 6560AE5B24411C4C00581008 /* LaunchScreen.storyboard */; };
		657812AB2444BE7E000FCC79 /* CnnCell.swift in Sources */ = {isa = PBXBuildFile; fileRef = 657812AA2444BE7E000FCC79 /* CnnCell.swift */; };
		659438FE245A1F4400F92AD8 /* TheNewsTests.swift in Sources */ = {isa = PBXBuildFile; fileRef = 659438FD245A1F4400F92AD8 /* TheNewsTests.swift */; };
		6595AFEA24509CA60076E632 /* FlipboardCell.swift in Sources */ = {isa = PBXBuildFile; fileRef = 6595AFE924509CA60076E632 /* FlipboardCell.swift */; };
		6595AFEC2451362A0076E632 /* NewsCell.swift in Sources */ = {isa = PBXBuildFile; fileRef = 6595AFEB2451362A0076E632 /* NewsCell.swift */; };
		6595AFEE245143790076E632 /* NewsProfileCell.swift in Sources */ = {isa = PBXBuildFile; fileRef = 6595AFED245143790076E632 /* NewsProfileCell.swift */; };
		6595AFF12451F6F90076E632 /* WashingtonCell.swift in Sources */ = {isa = PBXBuildFile; fileRef = 6595AFF02451F6F90076E632 /* WashingtonCell.swift */; };
		65B5D733244CEC1A000CC18C /* LabelCell.swift in Sources */ = {isa = PBXBuildFile; fileRef = 65B5D732244CEC1A000CC18C /* LabelCell.swift */; };
		65B5D737244E0EB2000CC18C /* Settings.swift in Sources */ = {isa = PBXBuildFile; fileRef = 65B5D736244E0EB2000CC18C /* Settings.swift */; };
		65B5D739244E63DF000CC18C /* LilCell.swift in Sources */ = {isa = PBXBuildFile; fileRef = 65B5D738244E63DF000CC18C /* LilCell.swift */; };
		65CCEAFE2443A8E400704FCE /* Protocol.swift in Sources */ = {isa = PBXBuildFile; fileRef = 65CCEAFD2443A8E400704FCE /* Protocol.swift */; };
		65E65B062452890800A14693 /* NewsModel.swift in Sources */ = {isa = PBXBuildFile; fileRef = 65E65B052452890800A14693 /* NewsModel.swift */; };
		65E65B0824534D2F00A14693 /* WsjCell.swift in Sources */ = {isa = PBXBuildFile; fileRef = 65E65B0724534D2F00A14693 /* WsjCell.swift */; };
		65F36889245684B000A8C398 /* AppDelegate.swift in Sources */ = {isa = PBXBuildFile; fileRef = 65F36888245684B000A8C398 /* AppDelegate.swift */; };
		65F3688B245684B000A8C398 /* TvViewController.swift in Sources */ = {isa = PBXBuildFile; fileRef = 65F3688A245684B000A8C398 /* TvViewController.swift */; };
		65F36892245684B500A8C398 /* Assets.xcassets in Resources */ = {isa = PBXBuildFile; fileRef = 65F36891245684B500A8C398 /* Assets.xcassets */; };
		65F36895245684B500A8C398 /* LaunchScreen.storyboard in Resources */ = {isa = PBXBuildFile; fileRef = 65F36893245684B500A8C398 /* LaunchScreen.storyboard */; };
		65F3689A2456853A00A8C398 /* Extension.swift in Sources */ = {isa = PBXBuildFile; fileRef = 65215EE024439742008B4D5A /* Extension.swift */; };
		65F3689B2456855D00A8C398 /* Protocol.swift in Sources */ = {isa = PBXBuildFile; fileRef = 65CCEAFD2443A8E400704FCE /* Protocol.swift */; };
		65F3689C245685E400A8C398 /* Settings.swift in Sources */ = {isa = PBXBuildFile; fileRef = 65B5D736244E0EB2000CC18C /* Settings.swift */; };
		65F3689D245685F800A8C398 /* NewsModel.swift in Sources */ = {isa = PBXBuildFile; fileRef = 65E65B052452890800A14693 /* NewsModel.swift */; };
		65F3689E2457940400A8C398 /* ImageDownloader.swift in Sources */ = {isa = PBXBuildFile; fileRef = 65215EDE24438F08008B4D5A /* ImageDownloader.swift */; };
		65F368A02457DD0800A8C398 /* TvNewsCell.swift in Sources */ = {isa = PBXBuildFile; fileRef = 65F3689F2457DD0800A8C398 /* TvNewsCell.swift */; };
		65F368A224588D8300A8C398 /* InsetLabel.swift in Sources */ = {isa = PBXBuildFile; fileRef = 65F368A124588D8300A8C398 /* InsetLabel.swift */; };
		65F368A42458952E00A8C398 /* TvExtension.swift in Sources */ = {isa = PBXBuildFile; fileRef = 65F368A32458952E00A8C398 /* TvExtension.swift */; };
/* End PBXBuildFile section */

/* Begin PBXContainerItemProxy section */
		65943900245A1F4400F92AD8 /* PBXContainerItemProxy */ = {
			isa = PBXContainerItemProxy;
			containerPortal = 6560AE4524411C4A00581008 /* Project object */;
			proxyType = 1;
			remoteGlobalIDString = 6560AE4C24411C4A00581008;
			remoteInfo = TheNews;
		};
/* End PBXContainerItemProxy section */

/* Begin PBXFileReference section */
		65215ED72442692B008B4D5A /* NytCell.swift */ = {isa = PBXFileReference; lastKnownFileType = sourcecode.swift; path = NytCell.swift; sourceTree = "<group>"; };
		65215EDA24427669008B4D5A /* BbcCell.swift */ = {isa = PBXFileReference; lastKnownFileType = sourcecode.swift; path = BbcCell.swift; sourceTree = "<group>"; };
		65215EDC2442A85A008B4D5A /* RedditCell.swift */ = {isa = PBXFileReference; lastKnownFileType = sourcecode.swift; path = RedditCell.swift; sourceTree = "<group>"; };
		65215EDE24438F08008B4D5A /* ImageDownloader.swift */ = {isa = PBXFileReference; lastKnownFileType = sourcecode.swift; path = ImageDownloader.swift; sourceTree = "<group>"; };
		65215EE024439742008B4D5A /* Extension.swift */ = {isa = PBXFileReference; lastKnownFileType = sourcecode.swift; path = Extension.swift; sourceTree = "<group>"; };
		65293A44244172F2002E5BC3 /* NewsViewController.swift */ = {isa = PBXFileReference; lastKnownFileType = sourcecode.swift; path = NewsViewController.swift; sourceTree = "<group>"; };
		65293A4624417367002E5BC3 /* TwitterCell.swift */ = {isa = PBXFileReference; lastKnownFileType = sourcecode.swift; path = TwitterCell.swift; sourceTree = "<group>"; };
		65293A4824417741002E5BC3 /* FacebookCell.swift */ = {isa = PBXFileReference; lastKnownFileType = sourcecode.swift; path = FacebookCell.swift; sourceTree = "<group>"; };
		6560AE4D24411C4A00581008 /* TheNews.app */ = {isa = PBXFileReference; explicitFileType = wrapper.application; includeInIndex = 0; path = TheNews.app; sourceTree = BUILT_PRODUCTS_DIR; };
		6560AE5024411C4A00581008 /* AppDelegate.swift */ = {isa = PBXFileReference; lastKnownFileType = sourcecode.swift; path = AppDelegate.swift; sourceTree = "<group>"; };
		6560AE5224411C4A00581008 /* SceneDelegate.swift */ = {isa = PBXFileReference; lastKnownFileType = sourcecode.swift; path = SceneDelegate.swift; sourceTree = "<group>"; };
		6560AE5924411C4C00581008 /* Assets.xcassets */ = {isa = PBXFileReference; lastKnownFileType = folder.assetcatalog; path = Assets.xcassets; sourceTree = "<group>"; };
		6560AE5C24411C4C00581008 /* Base */ = {isa = PBXFileReference; lastKnownFileType = file.storyboard; name = Base; path = Base.lproj/LaunchScreen.storyboard; sourceTree = "<group>"; };
		6560AE5E24411C4C00581008 /* Info.plist */ = {isa = PBXFileReference; lastKnownFileType = text.plist.xml; path = Info.plist; sourceTree = "<group>"; };
		657812AA2444BE7E000FCC79 /* CnnCell.swift */ = {isa = PBXFileReference; lastKnownFileType = sourcecode.swift; path = CnnCell.swift; sourceTree = "<group>"; };
		659438FB245A1F4400F92AD8 /* TheNewsTests.xctest */ = {isa = PBXFileReference; explicitFileType = wrapper.cfbundle; includeInIndex = 0; path = TheNewsTests.xctest; sourceTree = BUILT_PRODUCTS_DIR; };
		659438FD245A1F4400F92AD8 /* TheNewsTests.swift */ = {isa = PBXFileReference; lastKnownFileType = sourcecode.swift; path = TheNewsTests.swift; sourceTree = "<group>"; };
		659438FF245A1F4400F92AD8 /* Info.plist */ = {isa = PBXFileReference; lastKnownFileType = text.plist.xml; path = Info.plist; sourceTree = "<group>"; };
		6595AFE924509CA60076E632 /* FlipboardCell.swift */ = {isa = PBXFileReference; lastKnownFileType = sourcecode.swift; path = FlipboardCell.swift; sourceTree = "<group>"; };
		6595AFEB2451362A0076E632 /* NewsCell.swift */ = {isa = PBXFileReference; lastKnownFileType = sourcecode.swift; path = NewsCell.swift; sourceTree = "<group>"; };
		6595AFED245143790076E632 /* NewsProfileCell.swift */ = {isa = PBXFileReference; lastKnownFileType = sourcecode.swift; path = NewsProfileCell.swift; sourceTree = "<group>"; };
		6595AFF02451F6F90076E632 /* WashingtonCell.swift */ = {isa = PBXFileReference; lastKnownFileType = sourcecode.swift; path = WashingtonCell.swift; sourceTree = "<group>"; };
		65B5D732244CEC1A000CC18C /* LabelCell.swift */ = {isa = PBXFileReference; lastKnownFileType = sourcecode.swift; path = LabelCell.swift; sourceTree = "<group>"; };
		65B5D736244E0EB2000CC18C /* Settings.swift */ = {isa = PBXFileReference; lastKnownFileType = sourcecode.swift; path = Settings.swift; sourceTree = "<group>"; };
		65B5D738244E63DF000CC18C /* LilCell.swift */ = {isa = PBXFileReference; lastKnownFileType = sourcecode.swift; path = LilCell.swift; sourceTree = "<group>"; };
		65CCEAFD2443A8E400704FCE /* Protocol.swift */ = {isa = PBXFileReference; lastKnownFileType = sourcecode.swift; path = Protocol.swift; sourceTree = "<group>"; };
		65E65B052452890800A14693 /* NewsModel.swift */ = {isa = PBXFileReference; lastKnownFileType = sourcecode.swift; path = NewsModel.swift; sourceTree = "<group>"; };
		65E65B0724534D2F00A14693 /* WsjCell.swift */ = {isa = PBXFileReference; lastKnownFileType = sourcecode.swift; path = WsjCell.swift; sourceTree = "<group>"; };
		65F36886245684B000A8C398 /* TheNews.tvos.app */ = {isa = PBXFileReference; explicitFileType = wrapper.application; includeInIndex = 0; path = TheNews.tvos.app; sourceTree = BUILT_PRODUCTS_DIR; };
		65F36888245684B000A8C398 /* AppDelegate.swift */ = {isa = PBXFileReference; lastKnownFileType = sourcecode.swift; path = AppDelegate.swift; sourceTree = "<group>"; };
		65F3688A245684B000A8C398 /* TvViewController.swift */ = {isa = PBXFileReference; lastKnownFileType = sourcecode.swift; path = TvViewController.swift; sourceTree = "<group>"; };
		65F36891245684B500A8C398 /* Assets.xcassets */ = {isa = PBXFileReference; lastKnownFileType = folder.assetcatalog; path = Assets.xcassets; sourceTree = "<group>"; };
		65F36894245684B500A8C398 /* Base */ = {isa = PBXFileReference; lastKnownFileType = file.storyboard; name = Base; path = Base.lproj/LaunchScreen.storyboard; sourceTree = "<group>"; };
		65F36896245684B500A8C398 /* Info.plist */ = {isa = PBXFileReference; lastKnownFileType = text.plist.xml; path = Info.plist; sourceTree = "<group>"; };
		65F3689F2457DD0800A8C398 /* TvNewsCell.swift */ = {isa = PBXFileReference; lastKnownFileType = sourcecode.swift; path = TvNewsCell.swift; sourceTree = "<group>"; };
		65F368A124588D8300A8C398 /* InsetLabel.swift */ = {isa = PBXFileReference; lastKnownFileType = sourcecode.swift; path = InsetLabel.swift; sourceTree = "<group>"; };
		65F368A32458952E00A8C398 /* TvExtension.swift */ = {isa = PBXFileReference; lastKnownFileType = sourcecode.swift; path = TvExtension.swift; sourceTree = "<group>"; };
/* End PBXFileReference section */

/* Begin PBXFrameworksBuildPhase section */
		6560AE4A24411C4A00581008 /* Frameworks */ = {
			isa = PBXFrameworksBuildPhase;
			buildActionMask = 2147483647;
			files = (
			);
			runOnlyForDeploymentPostprocessing = 0;
		};
		659438F8245A1F4400F92AD8 /* Frameworks */ = {
			isa = PBXFrameworksBuildPhase;
			buildActionMask = 2147483647;
			files = (
			);
			runOnlyForDeploymentPostprocessing = 0;
		};
		65F36883245684B000A8C398 /* Frameworks */ = {
			isa = PBXFrameworksBuildPhase;
			buildActionMask = 2147483647;
			files = (
			);
			runOnlyForDeploymentPostprocessing = 0;
		};
/* End PBXFrameworksBuildPhase section */

/* Begin PBXGroup section */
		65215ED92442765E008B4D5A /* NewsCells */ = {
			isa = PBXGroup;
			children = (
				65215EDA24427669008B4D5A /* BbcCell.swift */,
				657812AA2444BE7E000FCC79 /* CnnCell.swift */,
				65293A4824417741002E5BC3 /* FacebookCell.swift */,
				6595AFE924509CA60076E632 /* FlipboardCell.swift */,
				65B5D738244E63DF000CC18C /* LilCell.swift */,
				65215ED72442692B008B4D5A /* NytCell.swift */,
				65215EDC2442A85A008B4D5A /* RedditCell.swift */,
				65293A4624417367002E5BC3 /* TwitterCell.swift */,
				6595AFF02451F6F90076E632 /* WashingtonCell.swift */,
				65E65B0724534D2F00A14693 /* WsjCell.swift */,
			);
			path = NewsCells;
			sourceTree = "<group>";
		};
		6560AE4424411C4A00581008 = {
			isa = PBXGroup;
			children = (
				6560AE4F24411C4A00581008 /* TheNews */,
				65F36887245684B000A8C398 /* TheNews.tvos */,
				659438FC245A1F4400F92AD8 /* TheNewsTests */,
				6560AE4E24411C4A00581008 /* Products */,
			);
			sourceTree = "<group>";
		};
		6560AE4E24411C4A00581008 /* Products */ = {
			isa = PBXGroup;
			children = (
				6560AE4D24411C4A00581008 /* TheNews.app */,
				65F36886245684B000A8C398 /* TheNews.tvos.app */,
				659438FB245A1F4400F92AD8 /* TheNewsTests.xctest */,
			);
			name = Products;
			sourceTree = "<group>";
		};
		6560AE4F24411C4A00581008 /* TheNews */ = {
			isa = PBXGroup;
			children = (
				6560AE5E24411C4C00581008 /* Info.plist */,
				6560AE5024411C4A00581008 /* AppDelegate.swift */,
				65215EE024439742008B4D5A /* Extension.swift */,
				65215EDE24438F08008B4D5A /* ImageDownloader.swift */,
				65E65B052452890800A14693 /* NewsModel.swift */,
				65293A44244172F2002E5BC3 /* NewsViewController.swift */,
				65CCEAFD2443A8E400704FCE /* Protocol.swift */,
				6560AE5224411C4A00581008 /* SceneDelegate.swift */,
				65B5D736244E0EB2000CC18C /* Settings.swift */,
				6560AE5924411C4C00581008 /* Assets.xcassets */,
				6560AE5B24411C4C00581008 /* LaunchScreen.storyboard */,
				6595AFEF24519ADA0076E632 /* Views */,
			);
			path = TheNews;
			sourceTree = "<group>";
		};
		659438FC245A1F4400F92AD8 /* TheNewsTests */ = {
			isa = PBXGroup;
			children = (
				659438FD245A1F4400F92AD8 /* TheNewsTests.swift */,
				659438FF245A1F4400F92AD8 /* Info.plist */,
			);
			path = TheNewsTests;
			sourceTree = "<group>";
		};
		6595AFEF24519ADA0076E632 /* Views */ = {
			isa = PBXGroup;
			children = (
				65B5D732244CEC1A000CC18C /* LabelCell.swift */,
				6595AFEB2451362A0076E632 /* NewsCell.swift */,
				6595AFED245143790076E632 /* NewsProfileCell.swift */,
				65215ED92442765E008B4D5A /* NewsCells */,
			);
			path = Views;
			sourceTree = "<group>";
		};
		65F36887245684B000A8C398 /* TheNews.tvos */ = {
			isa = PBXGroup;
			children = (
				65F36896245684B500A8C398 /* Info.plist */,
				65F36888245684B000A8C398 /* AppDelegate.swift */,
				65F368A124588D8300A8C398 /* InsetLabel.swift */,
				65F368A32458952E00A8C398 /* TvExtension.swift */,
				65F3689F2457DD0800A8C398 /* TvNewsCell.swift */,
				65F3688A245684B000A8C398 /* TvViewController.swift */,
				65F36891245684B500A8C398 /* Assets.xcassets */,
				65F36893245684B500A8C398 /* LaunchScreen.storyboard */,
			);
			path = TheNews.tvos;
			sourceTree = "<group>";
		};
/* End PBXGroup section */

/* Begin PBXNativeTarget section */
		6560AE4C24411C4A00581008 /* TheNews */ = {
			isa = PBXNativeTarget;
			buildConfigurationList = 6560AE6124411C4C00581008 /* Build configuration list for PBXNativeTarget "TheNews" */;
			buildPhases = (
				6560AE4924411C4A00581008 /* Sources */,
				6560AE4A24411C4A00581008 /* Frameworks */,
				6560AE4B24411C4A00581008 /* Resources */,
			);
			buildRules = (
			);
			dependencies = (
			);
			name = TheNews;
			productName = TheNews;
			productReference = 6560AE4D24411C4A00581008 /* TheNews.app */;
			productType = "com.apple.product-type.application";
		};
		659438FA245A1F4400F92AD8 /* TheNewsTests */ = {
			isa = PBXNativeTarget;
			buildConfigurationList = 65943904245A1F4400F92AD8 /* Build configuration list for PBXNativeTarget "TheNewsTests" */;
			buildPhases = (
				659438F7245A1F4400F92AD8 /* Sources */,
				659438F8245A1F4400F92AD8 /* Frameworks */,
				659438F9245A1F4400F92AD8 /* Resources */,
			);
			buildRules = (
			);
			dependencies = (
				65943901245A1F4400F92AD8 /* PBXTargetDependency */,
			);
			name = TheNewsTests;
			productName = TheNewsTests;
			productReference = 659438FB245A1F4400F92AD8 /* TheNewsTests.xctest */;
			productType = "com.apple.product-type.bundle.unit-test";
		};
		65F36885245684B000A8C398 /* TheNews.tvos */ = {
			isa = PBXNativeTarget;
			buildConfigurationList = 65F36897245684B500A8C398 /* Build configuration list for PBXNativeTarget "TheNews.tvos" */;
			buildPhases = (
				65F36882245684B000A8C398 /* Sources */,
				65F36883245684B000A8C398 /* Frameworks */,
				65F36884245684B000A8C398 /* Resources */,
			);
			buildRules = (
			);
			dependencies = (
			);
			name = TheNews.tvos;
			productName = TheNews.tvos;
			productReference = 65F36886245684B000A8C398 /* TheNews.tvos.app */;
			productType = "com.apple.product-type.application";
		};
/* End PBXNativeTarget section */

/* Begin PBXProject section */
		6560AE4524411C4A00581008 /* Project object */ = {
			isa = PBXProject;
			attributes = {
				LastSwiftUpdateCheck = 1140;
				LastUpgradeCheck = 1130;
				ORGANIZATIONNAME = dk;
				TargetAttributes = {
					6560AE4C24411C4A00581008 = {
						CreatedOnToolsVersion = 11.3.1;
					};
					659438FA245A1F4400F92AD8 = {
						CreatedOnToolsVersion = 11.4;
						TestTargetID = 6560AE4C24411C4A00581008;
					};
					65F36885245684B000A8C398 = {
						CreatedOnToolsVersion = 11.4;
					};
				};
			};
			buildConfigurationList = 6560AE4824411C4A00581008 /* Build configuration list for PBXProject "TheNews" */;
			compatibilityVersion = "Xcode 9.3";
			developmentRegion = en;
			hasScannedForEncodings = 0;
			knownRegions = (
				en,
				Base,
			);
			mainGroup = 6560AE4424411C4A00581008;
			productRefGroup = 6560AE4E24411C4A00581008 /* Products */;
			projectDirPath = "";
			projectRoot = "";
			targets = (
				6560AE4C24411C4A00581008 /* TheNews */,
				65F36885245684B000A8C398 /* TheNews.tvos */,
				659438FA245A1F4400F92AD8 /* TheNewsTests */,
			);
		};
/* End PBXProject section */

/* Begin PBXResourcesBuildPhase section */
		6560AE4B24411C4A00581008 /* Resources */ = {
			isa = PBXResourcesBuildPhase;
			buildActionMask = 2147483647;
			files = (
				6560AE5D24411C4C00581008 /* LaunchScreen.storyboard in Resources */,
				6560AE5A24411C4C00581008 /* Assets.xcassets in Resources */,
			);
			runOnlyForDeploymentPostprocessing = 0;
		};
		659438F9245A1F4400F92AD8 /* Resources */ = {
			isa = PBXResourcesBuildPhase;
			buildActionMask = 2147483647;
			files = (
			);
			runOnlyForDeploymentPostprocessing = 0;
		};
		65F36884245684B000A8C398 /* Resources */ = {
			isa = PBXResourcesBuildPhase;
			buildActionMask = 2147483647;
			files = (
				65F36895245684B500A8C398 /* LaunchScreen.storyboard in Resources */,
				65F36892245684B500A8C398 /* Assets.xcassets in Resources */,
			);
			runOnlyForDeploymentPostprocessing = 0;
		};
/* End PBXResourcesBuildPhase section */

/* Begin PBXSourcesBuildPhase section */
		6560AE4924411C4A00581008 /* Sources */ = {
			isa = PBXSourcesBuildPhase;
			buildActionMask = 2147483647;
			files = (
				65E65B062452890800A14693 /* NewsModel.swift in Sources */,
				65293A4724417367002E5BC3 /* TwitterCell.swift in Sources */,
				65CCEAFE2443A8E400704FCE /* Protocol.swift in Sources */,
				65293A4924417741002E5BC3 /* FacebookCell.swift in Sources */,
				657812AB2444BE7E000FCC79 /* CnnCell.swift in Sources */,
				6595AFEA24509CA60076E632 /* FlipboardCell.swift in Sources */,
				65E65B0824534D2F00A14693 /* WsjCell.swift in Sources */,
				6560AE5124411C4A00581008 /* AppDelegate.swift in Sources */,
				6595AFEE245143790076E632 /* NewsProfileCell.swift in Sources */,
				6560AE5324411C4A00581008 /* SceneDelegate.swift in Sources */,
				65B5D737244E0EB2000CC18C /* Settings.swift in Sources */,
				6595AFF12451F6F90076E632 /* WashingtonCell.swift in Sources */,
				65215EE124439742008B4D5A /* Extension.swift in Sources */,
				65293A45244172F2002E5BC3 /* NewsViewController.swift in Sources */,
				6595AFEC2451362A0076E632 /* NewsCell.swift in Sources */,
				65B5D739244E63DF000CC18C /* LilCell.swift in Sources */,
				65215ED82442692B008B4D5A /* NytCell.swift in Sources */,
				65215EDF24438F08008B4D5A /* ImageDownloader.swift in Sources */,
				65215EDD2442A85A008B4D5A /* RedditCell.swift in Sources */,
				65B5D733244CEC1A000CC18C /* LabelCell.swift in Sources */,
				65215EDB24427669008B4D5A /* BbcCell.swift in Sources */,
			);
			runOnlyForDeploymentPostprocessing = 0;
		};
		659438F7245A1F4400F92AD8 /* Sources */ = {
			isa = PBXSourcesBuildPhase;
			buildActionMask = 2147483647;
			files = (
				659438FE245A1F4400F92AD8 /* TheNewsTests.swift in Sources */,
			);
			runOnlyForDeploymentPostprocessing = 0;
		};
		65F36882245684B000A8C398 /* Sources */ = {
			isa = PBXSourcesBuildPhase;
			buildActionMask = 2147483647;
			files = (
				65F3689D245685F800A8C398 /* NewsModel.swift in Sources */,
				65F368A224588D8300A8C398 /* InsetLabel.swift in Sources */,
				65F3689C245685E400A8C398 /* Settings.swift in Sources */,
				65F368A02457DD0800A8C398 /* TvNewsCell.swift in Sources */,
				65F3689E2457940400A8C398 /* ImageDownloader.swift in Sources */,
				65F36889245684B000A8C398 /* AppDelegate.swift in Sources */,
				65F3688B245684B000A8C398 /* TvViewController.swift in Sources */,
				65F368A42458952E00A8C398 /* TvExtension.swift in Sources */,
				65F3689A2456853A00A8C398 /* Extension.swift in Sources */,
				65F3689B2456855D00A8C398 /* Protocol.swift in Sources */,
			);
			runOnlyForDeploymentPostprocessing = 0;
		};
/* End PBXSourcesBuildPhase section */

/* Begin PBXTargetDependency section */
		65943901245A1F4400F92AD8 /* PBXTargetDependency */ = {
			isa = PBXTargetDependency;
			target = 6560AE4C24411C4A00581008 /* TheNews */;
			targetProxy = 65943900245A1F4400F92AD8 /* PBXContainerItemProxy */;
		};
/* End PBXTargetDependency section */

/* Begin PBXVariantGroup section */
		6560AE5B24411C4C00581008 /* LaunchScreen.storyboard */ = {
			isa = PBXVariantGroup;
			children = (
				6560AE5C24411C4C00581008 /* Base */,
			);
			name = LaunchScreen.storyboard;
			sourceTree = "<group>";
		};
		65F36893245684B500A8C398 /* LaunchScreen.storyboard */ = {
			isa = PBXVariantGroup;
			children = (
				65F36894245684B500A8C398 /* Base */,
			);
			name = LaunchScreen.storyboard;
			sourceTree = "<group>";
		};
/* End PBXVariantGroup section */

/* Begin XCBuildConfiguration section */
		6560AE5F24411C4C00581008 /* Debug */ = {
			isa = XCBuildConfiguration;
			buildSettings = {
				ALWAYS_SEARCH_USER_PATHS = NO;
				CLANG_ANALYZER_NONNULL = YES;
				CLANG_ANALYZER_NUMBER_OBJECT_CONVERSION = YES_AGGRESSIVE;
				CLANG_CXX_LANGUAGE_STANDARD = "gnu++14";
				CLANG_CXX_LIBRARY = "libc++";
				CLANG_ENABLE_MODULES = YES;
				CLANG_ENABLE_OBJC_ARC = YES;
				CLANG_ENABLE_OBJC_WEAK = YES;
				CLANG_WARN_BLOCK_CAPTURE_AUTORELEASING = YES;
				CLANG_WARN_BOOL_CONVERSION = YES;
				CLANG_WARN_COMMA = YES;
				CLANG_WARN_CONSTANT_CONVERSION = YES;
				CLANG_WARN_DEPRECATED_OBJC_IMPLEMENTATIONS = YES;
				CLANG_WARN_DIRECT_OBJC_ISA_USAGE = YES_ERROR;
				CLANG_WARN_DOCUMENTATION_COMMENTS = YES;
				CLANG_WARN_EMPTY_BODY = YES;
				CLANG_WARN_ENUM_CONVERSION = YES;
				CLANG_WARN_INFINITE_RECURSION = YES;
				CLANG_WARN_INT_CONVERSION = YES;
				CLANG_WARN_NON_LITERAL_NULL_CONVERSION = YES;
				CLANG_WARN_OBJC_IMPLICIT_RETAIN_SELF = YES;
				CLANG_WARN_OBJC_LITERAL_CONVERSION = YES;
				CLANG_WARN_OBJC_ROOT_CLASS = YES_ERROR;
				CLANG_WARN_RANGE_LOOP_ANALYSIS = YES;
				CLANG_WARN_STRICT_PROTOTYPES = YES;
				CLANG_WARN_SUSPICIOUS_MOVE = YES;
				CLANG_WARN_UNGUARDED_AVAILABILITY = YES_AGGRESSIVE;
				CLANG_WARN_UNREACHABLE_CODE = YES;
				CLANG_WARN__DUPLICATE_METHOD_MATCH = YES;
				COPY_PHASE_STRIP = NO;
				DEBUG_INFORMATION_FORMAT = dwarf;
				ENABLE_STRICT_OBJC_MSGSEND = YES;
				ENABLE_TESTABILITY = YES;
				GCC_C_LANGUAGE_STANDARD = gnu11;
				GCC_DYNAMIC_NO_PIC = NO;
				GCC_NO_COMMON_BLOCKS = YES;
				GCC_OPTIMIZATION_LEVEL = 0;
				GCC_PREPROCESSOR_DEFINITIONS = (
					"DEBUG=1",
					"$(inherited)",
				);
				GCC_WARN_64_TO_32_BIT_CONVERSION = YES;
				GCC_WARN_ABOUT_RETURN_TYPE = YES_ERROR;
				GCC_WARN_UNDECLARED_SELECTOR = YES;
				GCC_WARN_UNINITIALIZED_AUTOS = YES_AGGRESSIVE;
				GCC_WARN_UNUSED_FUNCTION = YES;
				GCC_WARN_UNUSED_VARIABLE = YES;
				IPHONEOS_DEPLOYMENT_TARGET = 13.2;
				MTL_ENABLE_DEBUG_INFO = INCLUDE_SOURCE;
				MTL_FAST_MATH = YES;
				ONLY_ACTIVE_ARCH = YES;
				SDKROOT = iphoneos;
				SWIFT_ACTIVE_COMPILATION_CONDITIONS = DEBUG;
				SWIFT_OPTIMIZATION_LEVEL = "-Onone";
			};
			name = Debug;
		};
		6560AE6024411C4C00581008 /* Release */ = {
			isa = XCBuildConfiguration;
			buildSettings = {
				ALWAYS_SEARCH_USER_PATHS = NO;
				CLANG_ANALYZER_NONNULL = YES;
				CLANG_ANALYZER_NUMBER_OBJECT_CONVERSION = YES_AGGRESSIVE;
				CLANG_CXX_LANGUAGE_STANDARD = "gnu++14";
				CLANG_CXX_LIBRARY = "libc++";
				CLANG_ENABLE_MODULES = YES;
				CLANG_ENABLE_OBJC_ARC = YES;
				CLANG_ENABLE_OBJC_WEAK = YES;
				CLANG_WARN_BLOCK_CAPTURE_AUTORELEASING = YES;
				CLANG_WARN_BOOL_CONVERSION = YES;
				CLANG_WARN_COMMA = YES;
				CLANG_WARN_CONSTANT_CONVERSION = YES;
				CLANG_WARN_DEPRECATED_OBJC_IMPLEMENTATIONS = YES;
				CLANG_WARN_DIRECT_OBJC_ISA_USAGE = YES_ERROR;
				CLANG_WARN_DOCUMENTATION_COMMENTS = YES;
				CLANG_WARN_EMPTY_BODY = YES;
				CLANG_WARN_ENUM_CONVERSION = YES;
				CLANG_WARN_INFINITE_RECURSION = YES;
				CLANG_WARN_INT_CONVERSION = YES;
				CLANG_WARN_NON_LITERAL_NULL_CONVERSION = YES;
				CLANG_WARN_OBJC_IMPLICIT_RETAIN_SELF = YES;
				CLANG_WARN_OBJC_LITERAL_CONVERSION = YES;
				CLANG_WARN_OBJC_ROOT_CLASS = YES_ERROR;
				CLANG_WARN_RANGE_LOOP_ANALYSIS = YES;
				CLANG_WARN_STRICT_PROTOTYPES = YES;
				CLANG_WARN_SUSPICIOUS_MOVE = YES;
				CLANG_WARN_UNGUARDED_AVAILABILITY = YES_AGGRESSIVE;
				CLANG_WARN_UNREACHABLE_CODE = YES;
				CLANG_WARN__DUPLICATE_METHOD_MATCH = YES;
				COPY_PHASE_STRIP = NO;
				DEBUG_INFORMATION_FORMAT = "dwarf-with-dsym";
				ENABLE_NS_ASSERTIONS = NO;
				ENABLE_STRICT_OBJC_MSGSEND = YES;
				GCC_C_LANGUAGE_STANDARD = gnu11;
				GCC_NO_COMMON_BLOCKS = YES;
				GCC_WARN_64_TO_32_BIT_CONVERSION = YES;
				GCC_WARN_ABOUT_RETURN_TYPE = YES_ERROR;
				GCC_WARN_UNDECLARED_SELECTOR = YES;
				GCC_WARN_UNINITIALIZED_AUTOS = YES_AGGRESSIVE;
				GCC_WARN_UNUSED_FUNCTION = YES;
				GCC_WARN_UNUSED_VARIABLE = YES;
				IPHONEOS_DEPLOYMENT_TARGET = 13.2;
				MTL_ENABLE_DEBUG_INFO = NO;
				MTL_FAST_MATH = YES;
				SDKROOT = iphoneos;
				SWIFT_COMPILATION_MODE = wholemodule;
				SWIFT_OPTIMIZATION_LEVEL = "-O";
				VALIDATE_PRODUCT = YES;
			};
			name = Release;
		};
		6560AE6224411C4C00581008 /* Debug */ = {
			isa = XCBuildConfiguration;
			buildSettings = {
				ASSETCATALOG_COMPILER_APPICON_NAME = AppIcon;
				CODE_SIGN_STYLE = Automatic;
				INFOPLIST_FILE = TheNews/Info.plist;
				IPHONEOS_DEPLOYMENT_TARGET = 13.0;
				LD_RUNPATH_SEARCH_PATHS = (
					"$(inherited)",
					"@executable_path/Frameworks",
				);
				PRODUCT_BUNDLE_IDENTIFIER = dk.TheNews;
				PRODUCT_NAME = "$(TARGET_NAME)";
				SWIFT_VERSION = 5.0;
				TARGETED_DEVICE_FAMILY = 1;
			};
			name = Debug;
		};
		6560AE6324411C4C00581008 /* Release */ = {
			isa = XCBuildConfiguration;
			buildSettings = {
				ASSETCATALOG_COMPILER_APPICON_NAME = AppIcon;
				CODE_SIGN_STYLE = Automatic;
				INFOPLIST_FILE = TheNews/Info.plist;
				IPHONEOS_DEPLOYMENT_TARGET = 13.0;
				LD_RUNPATH_SEARCH_PATHS = (
					"$(inherited)",
					"@executable_path/Frameworks",
				);
				PRODUCT_BUNDLE_IDENTIFIER = dk.TheNews;
				PRODUCT_NAME = "$(TARGET_NAME)";
				SWIFT_VERSION = 5.0;
				TARGETED_DEVICE_FAMILY = 1;
			};
			name = Release;
		};
		65943902245A1F4400F92AD8 /* Debug */ = {
			isa = XCBuildConfiguration;
			buildSettings = {
				BUNDLE_LOADER = "$(TEST_HOST)";
				CODE_SIGN_STYLE = Automatic;
				INFOPLIST_FILE = TheNewsTests/Info.plist;
				IPHONEOS_DEPLOYMENT_TARGET = 13.4;
				LD_RUNPATH_SEARCH_PATHS = (
					"$(inherited)",
					"@executable_path/Frameworks",
					"@loader_path/Frameworks",
				);
				PRODUCT_BUNDLE_IDENTIFIER = dk.TheNewsTests;
				PRODUCT_NAME = "$(TARGET_NAME)";
				SWIFT_VERSION = 5.0;
				TARGETED_DEVICE_FAMILY = "1,2";
				TEST_HOST = "$(BUILT_PRODUCTS_DIR)/TheNews.app/TheNews";
			};
			name = Debug;
		};
		65943903245A1F4400F92AD8 /* Release */ = {
			isa = XCBuildConfiguration;
			buildSettings = {
				BUNDLE_LOADER = "$(TEST_HOST)";
				CODE_SIGN_STYLE = Automatic;
				INFOPLIST_FILE = TheNewsTests/Info.plist;
				IPHONEOS_DEPLOYMENT_TARGET = 13.4;
				LD_RUNPATH_SEARCH_PATHS = (
					"$(inherited)",
					"@executable_path/Frameworks",
					"@loader_path/Frameworks",
				);
				PRODUCT_BUNDLE_IDENTIFIER = dk.TheNewsTests;
				PRODUCT_NAME = "$(TARGET_NAME)";
				SWIFT_VERSION = 5.0;
				TARGETED_DEVICE_FAMILY = "1,2";
				TEST_HOST = "$(BUILT_PRODUCTS_DIR)/TheNews.app/TheNews";
			};
			name = Release;
		};
		65F36898245684B500A8C398 /* Debug */ = {
			isa = XCBuildConfiguration;
			buildSettings = {
				ASSETCATALOG_COMPILER_APPICON_NAME = "App Icon & Top Shelf Image";
				CODE_SIGN_STYLE = Automatic;
				INFOPLIST_FILE = TheNews.tvos/Info.plist;
				LD_RUNPATH_SEARCH_PATHS = (
					"$(inherited)",
					"@executable_path/Frameworks",
				);
				PRODUCT_BUNDLE_IDENTIFIER = "dk.TheNews-tvos";
				PRODUCT_NAME = "$(TARGET_NAME)";
				SDKROOT = appletvos;
				SWIFT_VERSION = 5.0;
				TARGETED_DEVICE_FAMILY = 3;
				TVOS_DEPLOYMENT_TARGET = 13;
			};
			name = Debug;
		};
		65F36899245684B500A8C398 /* Release */ = {
			isa = XCBuildConfiguration;
			buildSettings = {
				ASSETCATALOG_COMPILER_APPICON_NAME = "App Icon & Top Shelf Image";
				CODE_SIGN_STYLE = Automatic;
				INFOPLIST_FILE = TheNews.tvos/Info.plist;
				LD_RUNPATH_SEARCH_PATHS = (
					"$(inherited)",
					"@executable_path/Frameworks",
				);
				PRODUCT_BUNDLE_IDENTIFIER = "dk.TheNews-tvos";
				PRODUCT_NAME = "$(TARGET_NAME)";
				SDKROOT = appletvos;
				SWIFT_VERSION = 5.0;
				TARGETED_DEVICE_FAMILY = 3;
				TVOS_DEPLOYMENT_TARGET = 13;
			};
			name = Release;
		};
/* End XCBuildConfiguration section */

/* Begin XCConfigurationList section */
		6560AE4824411C4A00581008 /* Build configuration list for PBXProject "TheNews" */ = {
			isa = XCConfigurationList;
			buildConfigurations = (
				6560AE5F24411C4C00581008 /* Debug */,
				6560AE6024411C4C00581008 /* Release */,
			);
			defaultConfigurationIsVisible = 0;
			defaultConfigurationName = Release;
		};
		6560AE6124411C4C00581008 /* Build configuration list for PBXNativeTarget "TheNews" */ = {
			isa = XCConfigurationList;
			buildConfigurations = (
				6560AE6224411C4C00581008 /* Debug */,
				6560AE6324411C4C00581008 /* Release */,
			);
			defaultConfigurationIsVisible = 0;
			defaultConfigurationName = Release;
		};
		65943904245A1F4400F92AD8 /* Build configuration list for PBXNativeTarget "TheNewsTests" */ = {
			isa = XCConfigurationList;
			buildConfigurations = (
				65943902245A1F4400F92AD8 /* Debug */,
				65943903245A1F4400F92AD8 /* Release */,
			);
			defaultConfigurationIsVisible = 0;
			defaultConfigurationName = Release;
		};
		65F36897245684B500A8C398 /* Build configuration list for PBXNativeTarget "TheNews.tvos" */ = {
			isa = XCConfigurationList;
			buildConfigurations = (
				65F36898245684B500A8C398 /* Debug */,
				65F36899245684B500A8C398 /* Release */,
			);
			defaultConfigurationIsVisible = 0;
			defaultConfigurationName = Release;
		};
/* End XCConfigurationList section */
	};
	rootObject = 6560AE4524411C4A00581008 /* Project object */;
}
